
Microsoft Visual Studio Solution File, Format Version 12.00
# Visual Studio 2012
Project("{1B19158F-E398-40A6-8E3B-350508E125F1}") = "KitchenSink", "KitchenSink.dxjsproj", "{4C5C859D-90ED-43BF-87FE-E33856CD5E8E}"
EndProject
Global
	GlobalSection(SolutionConfigurationPlatforms) = preSolution
		Debug|Any CPU = Debug|Any CPU
		Release|Any CPU = Release|Any CPU
	EndGlobalSection
	GlobalSection(ProjectConfigurationPlatforms) = postSolution
		{4C5C859D-90ED-43BF-87FE-E33856CD5E8E}.Debug|Any CPU.ActiveCfg = Debug|Any CPU
		{4C5C859D-90ED-43BF-87FE-E33856CD5E8E}.Debug|Any CPU.Build.0 = Debug|Any CPU
		{4C5C859D-90ED-43BF-87FE-E33856CD5E8E}.Release|Any CPU.ActiveCfg = Release|Any CPU
		{4C5C859D-90ED-43BF-87FE-E33856CD5E8E}.Release|Any CPU.Build.0 = Release|Any CPU
	EndGlobalSection
	GlobalSection(SolutionProperties) = preSolution
		HideSolutionNode = FALSE
	EndGlobalSection
EndGlobal
